// !$*UTF8*$!
{
	archiveVersion = 1;
	classes = {
	};
	objectVersion = 70;
	objects = {

/* Begin PBXBuildFile section */
		097361E7D7148A2F9690184A /* NotchTabButton.swift in Sources */ = {isa = PBXBuildFile; fileRef = 74715A3AA25691663C4130A6 /* NotchTabButton.swift */; };
		0C8B563AD48CE557CC9B2FC3 /* AppLauncherView.swift in Sources */ = {isa = PBXBuildFile; fileRef = F150B8BF6CD4D9E007A4DEA6 /* AppLauncherView.swift */; };
		111BEA512ECFBF7F0079DD4E /* MacroVisionKit in Frameworks */ = {isa = PBXBuildFile; productRef = 111BEA502ECFBF7F0079DD4E /* MacroVisionKit */; };
		111BEA5F2ED07A340079DD4E /* MacroVisionKit in Frameworks */ = {isa = PBXBuildFile; productRef = 111BEA5E2ED07A340079DD4E /* MacroVisionKit */; };
		111BEA612ED09B1B0079DD4E /* NSScreen+UUID.swift in Sources */ = {isa = PBXBuildFile; fileRef = 111BEA602ED09B1B0079DD4E /* NSScreen+UUID.swift */; };
		111BEA6F2ED166E20079DD4E /* MacroVisionKit in Frameworks */ = {isa = PBXBuildFile; productRef = 111BEA6E2ED166E20079DD4E /* MacroVisionKit */; };
		112B0EB82E30DD0F00562D6C /* MediaRemoteAdapterTestClient in Resources */ = {isa = PBXBuildFile; fileRef = 112B0EB52E30DD0F00562D6C /* MediaRemoteAdapterTestClient */; };
		112B0EB92E30DD0F00562D6C /* mediaremote-adapter.pl in Resources */ = {isa = PBXBuildFile; fileRef = 112B0EB32E30DD0F00562D6C /* mediaremote-adapter.pl */; };
		112B0EBB2E30DD5000562D6C /* MediaRemoteAdapter.framework in Frameworks */ = {isa = PBXBuildFile; fileRef = 112B0EBA2E30DD5000562D6C /* MediaRemoteAdapter.framework */; };
		112FB7352CCF16F70015238C /* NotchSpaceManager.swift in Sources */ = {isa = PBXBuildFile; fileRef = 112FB7342CCF16F70015238C /* NotchSpaceManager.swift */; };
		1132E5122E777B6E0068732D /* YouTubeMusicModels.swift in Sources */ = {isa = PBXBuildFile; fileRef = 1132E5102E777B6E0068732D /* YouTubeMusicModels.swift */; };
		1132E5142E777B920068732D /* YouTubeMusicNetworking.swift in Sources */ = {isa = PBXBuildFile; fileRef = 1132E5132E777B920068732D /* YouTubeMusicNetworking.swift */; };
		1132E5162E777C140068732D /* YouTubeMusicAuthentication.swift in Sources */ = {isa = PBXBuildFile; fileRef = 1132E5152E777C140068732D /* YouTubeMusicAuthentication.swift */; };
		1153BD8F2D986B1F00979FB0 /* MediaControllerProtocol.swift in Sources */ = {isa = PBXBuildFile; fileRef = 1153BD8D2D986B1F00979FB0 /* MediaControllerProtocol.swift */; };
		1153BD912D986DB300979FB0 /* PlaybackState.swift in Sources */ = {isa = PBXBuildFile; fileRef = 1153BD902D986DB300979FB0 /* PlaybackState.swift */; };
		1153BD932D986E4300979FB0 /* AppleMusicController.swift in Sources */ = {isa = PBXBuildFile; fileRef = 1153BD922D986E4300979FB0 /* AppleMusicController.swift */; };
		1153BD982D9881F900979FB0 /* AppleScriptHelper.swift in Sources */ = {isa = PBXBuildFile; fileRef = 1153BD972D9881F900979FB0 /* AppleScriptHelper.swift */; };
		1153BD9A2D98824300979FB0 /* SpotifyController.swift in Sources */ = {isa = PBXBuildFile; fileRef = 1153BD992D98824300979FB0 /* SpotifyController.swift */; };
		1153BD9C2D98853B00979FB0 /* NowPlayingController.swift in Sources */ = {isa = PBXBuildFile; fileRef = 1153BD9B2D98853B00979FB0 /* NowPlayingController.swift */; };
		1153BDA72D99B22200979FB0 /* YouTubeMusicController.swift in Sources */ = {isa = PBXBuildFile; fileRef = 1153BDA62D99B22200979FB0 /* YouTubeMusicController.swift */; };
		1160F8D82DD98230006FBB94 /* NotchShape.swift in Sources */ = {isa = PBXBuildFile; fileRef = 1160F8D72DD98230006FBB94 /* NotchShape.swift */; };
		117AB5172E30E09C00558921 /* MediaRemoteAdapter.framework in Embed Frameworks */ = {isa = PBXBuildFile; fileRef = 112B0EBA2E30DD5000562D6C /* MediaRemoteAdapter.framework */; settings = {ATTRIBUTES = (CodeSignOnCopy, RemoveHeadersOnCopy, ); }; };
		1194E8852EA57D23009C82D6 /* SkyLightWindow in Frameworks */ = {isa = PBXBuildFile; productRef = 1194E8842EA57D23009C82D6 /* SkyLightWindow */; };
		1194E8872EA6DDA7009C82D6 /* YetAnotherNotchSkyLightWindow.swift in Sources */ = {isa = PBXBuildFile; fileRef = 1194E8862EA6DDA7009C82D6 /* YetAnotherNotchSkyLightWindow.swift */; };
		1194E9402EACC652009C82D6 /* Color+AccentColor.swift in Sources */ = {isa = PBXBuildFile; fileRef = 1194E93F2EACC652009C82D6 /* Color+AccentColor.swift */; };
		11A45C792E34E63100CEB175 /* MediaChecker.swift in Sources */ = {isa = PBXBuildFile; fileRef = 11A45C782E34E63100CEB175 /* MediaChecker.swift */; };
		11C5E3132DFE85970065821E /* SettingsWindowController.swift in Sources */ = {isa = PBXBuildFile; fileRef = 11C5E3112DFE85970065821E /* SettingsWindowController.swift */; };
		11C5E3162DFE88510065821E /* SettingsView.swift in Sources */ = {isa = PBXBuildFile; fileRef = 11C5E3152DFE88510065821E /* SettingsView.swift */; };
		11CC44A22CEE614100C7244B /* CustomViewCoordinator.swift in Sources */ = {isa = PBXBuildFile; fileRef = 11CC44A12CEE614100C7244B /* CustomViewCoordinator.swift */; };
		11D58EA22E760AE100FA8377 /* ImageService.swift in Sources */ = {isa = PBXBuildFile; fileRef = 11D58EA12E760AE100FA8377 /* ImageService.swift */; };
		11F748822ECB07A400F841DB /* MusicControlButton.swift in Sources */ = {isa = PBXBuildFile; fileRef = 11F748812ECB07A400F841DB /* MusicControlButton.swift */; };
		11F748842ECB27DC00F841DB /* MusicSlotConfigurationView.swift in Sources */ = {isa = PBXBuildFile; fileRef = 11F748832ECB27DC00F841DB /* MusicSlotConfigurationView.swift */; };
		14288E0C2C6F8EC000B9F80C /* AppIcons.swift in Sources */ = {isa = PBXBuildFile; fileRef = 14288E0B2C6F8EC000B9F80C /* AppIcons.swift */; };
		1443E7F32C609DCE0027C1FC /* matters.swift in Sources */ = {isa = PBXBuildFile; fileRef = 1443E7F22C609DCE0027C1FC /* matters.swift */; };
		147163982C5D35B70068B555 /* MusicVisualizer.swift in Sources */ = {isa = PBXBuildFile; fileRef = 147163972C5D35B70068B555 /* MusicVisualizer.swift */; };
		1471639A2C5D35FF0068B555 /* MusicManager.swift in Sources */ = {isa = PBXBuildFile; fileRef = 147163992C5D35FF0068B555 /* MusicManager.swift */; };
		1471A8592C6281BD0058408D /* YetAnotherNotchWindow.swift in Sources */ = {isa = PBXBuildFile; fileRef = 1471A8582C6281BD0058408D /* YetAnotherNotchWindow.swift */; };
		14C08BC12C8E03AD000F8AA0 /* NSImage+Extensions.swift in Sources */ = {isa = PBXBuildFile; fileRef = 14C08BC02C8E03AD000F8AA0 /* NSImage+Extensions.swift */; };
		14CEF4162C5CAED300855D72 /* YetAnotherNotchApp.swift in Sources */ = {isa = PBXBuildFile; fileRef = 14CEF4152C5CAED300855D72 /* YetAnotherNotchApp.swift */; };
		14CEF4182C5CAED300855D72 /* ContentView.swift in Sources */ = {isa = PBXBuildFile; fileRef = 14CEF4172C5CAED300855D72 /* ContentView.swift */; };
		14CEF41A2C5CAED400855D72 /* Assets.xcassets in Resources */ = {isa = PBXBuildFile; fileRef = 14CEF4192C5CAED400855D72 /* Assets.xcassets */; };
		14CEF41D2C5CAED400855D72 /* Preview Assets.xcassets in Resources */ = {isa = PBXBuildFile; fileRef = 14CEF41C2C5CAED400855D72 /* Preview Assets.xcassets */; };
		14D0321A2C68F32E0096E6A1 /* LaunchAtLogin in Frameworks */ = {isa = PBXBuildFile; productRef = 14D032192C68F32E0096E6A1 /* LaunchAtLogin */; };
		14D570B92C5E98A20011E668 /* drop.swift in Sources */ = {isa = PBXBuildFile; fileRef = 14D570B82C5E98A20011E668 /* drop.swift */; };
		14D570BC2C5E98EB0011E668 /* generic.swift in Sources */ = {isa = PBXBuildFile; fileRef = 14D570BB2C5E98EB0011E668 /* generic.swift */; };
		14D570C62C5F38210011E668 /* CustomHeader.swift in Sources */ = {isa = PBXBuildFile; fileRef = 14D570C52C5F38210011E668 /* CustomHeader.swift */; };
		14D570C92C5F38890011E668 /* CustomViewModel.swift in Sources */ = {isa = PBXBuildFile; fileRef = 14D570C82C5F38890011E668 /* CustomViewModel.swift */; };
		14D570D22C5F6C6A0011E668 /* CustomExtrasMenu.swift in Sources */ = {isa = PBXBuildFile; fileRef = 14D570D12C5F6C6A0011E668 /* CustomExtrasMenu.swift */; };
		14FC6E502C7DED5600C7BEA5 /* DataTypes+Extensions.swift in Sources */ = {isa = PBXBuildFile; fileRef = 14FC6E4F2C7DED5600C7BEA5 /* DataTypes+Extensions.swift */; };
		15763C5DA0F37A5F74C00759 /* NotchTabBar.swift in Sources */ = {isa = PBXBuildFile; fileRef = 9F7E28509D493CFD9B32751F /* NotchTabBar.swift */; };
		15B0D30D5666FE4C67FE261C /* AIView.swift in Sources */ = {isa = PBXBuildFile; fileRef = E1EA1C7F471991975A920836 /* AIView.swift */; };
		15C2C20A850D1B9A24128F95 /* ClosedNotchActivity.swift in Sources */ = {isa = PBXBuildFile; fileRef = 5453DA044C96A09F2F3A6D6D /* ClosedNotchActivity.swift */; };
		160C8ACDF125960A78E9F20C /* LlamaServerAddress.swift in Sources */ = {isa = PBXBuildFile; fileRef = 6520C9F207C898E9B871FB86 /* LlamaServerAddress.swift */; };
		1AA8CBF5D4E46551F4783093 /* TranscriptionStore.swift in Sources */ = {isa = PBXBuildFile; fileRef = 350134EBB55FB133DA6ABF0B /* TranscriptionStore.swift */; };
		1AAA29050FD120EA3A89EB15 /* HexColor.swift in Sources */ = {isa = PBXBuildFile; fileRef = E746C07F7D2BC24184A4040B /* HexColor.swift */; };
		1C850F61CBEB61DC4521E20D /* LlamaClient.swift in Sources */ = {isa = PBXBuildFile; fileRef = BDE3D9BE45D5AC6C97F70783 /* LlamaClient.swift */; };
		2727AC4A86D0455E75200CEC /* ColorPickerStore.swift in Sources */ = {isa = PBXBuildFile; fileRef = 3C77ED1D4781FCA8FD433DD4 /* ColorPickerStore.swift */; };
		2E3EEC3514AAB9ECC8AFD881 /* PromptShortcutsView.swift in Sources */ = {isa = PBXBuildFile; fileRef = FF38F214E2FD0A1B840ADA2D /* PromptShortcutsView.swift */; };
		34F4D589BB812CAAD3FA1B4B /* ChatTabView.swift in Sources */ = {isa = PBXBuildFile; fileRef = 9B17B48DA985F24A233E4A86 /* ChatTabView.swift */; };
		43DE6322AEA1BB701328A7F7 /* SSEChatParser.swift in Sources */ = {isa = PBXBuildFile; fileRef = 827693741818A7AC89C2B020 /* SSEChatParser.swift */; };
		48027D9E09B6B4F78C370A3D /* PromptShortcutSlotView.swift in Sources */ = {isa = PBXBuildFile; fileRef = 532FCF8D8F58C3553DE574E2 /* PromptShortcutSlotView.swift */; };
		507266DB2C908E2E00A2D00D /* HoverButton.swift in Sources */ = {isa = PBXBuildFile; fileRef = 507266DA2C908E2E00A2D00D /* HoverButton.swift */; };
		52554AE82CD50B415DAC689C /* ChatMarkdownText.swift in Sources */ = {isa = PBXBuildFile; fileRef = 788ADD42430A257585484324 /* ChatMarkdownText.swift */; };
		5955950D2E900ED800C66711 /* ApplicationRelauncher.swift in Sources */ = {isa = PBXBuildFile; fileRef = 5955950C2E900ED800C66711 /* ApplicationRelauncher.swift */; };
		5E80090CFA2FFBD00476099E /* BrightnessWidgetView.swift in Sources */ = {isa = PBXBuildFile; fileRef = B47C7CD96DA0C0570C8C9032 /* BrightnessWidgetView.swift */; };
		5F53924FCD7630BD563F92F6 /* DimmingOverlay.swift in Sources */ = {isa = PBXBuildFile; fileRef = 3D7FD27F992789FB749EAEF9 /* DimmingOverlay.swift */; };
		5FC96F65564F7E813F29771F /* NotchTabPlaceholder.swift in Sources */ = {isa = PBXBuildFile; fileRef = AB423BC43332E40F33E8701E /* NotchTabPlaceholder.swift */; };
		625C9B4FCFB8EA5A20CA4364 /* ExternalDisplayStore.swift in Sources */ = {isa = PBXBuildFile; fileRef = F5AC51ACEC7D93517ECB2602 /* ExternalDisplayStore.swift */; };
		66556CC7271E4B1B975ABBF1 /* NotchTab.swift in Sources */ = {isa = PBXBuildFile; fileRef = 5FB38589BF91197C741EE9F2 /* NotchTab.swift */; };
		690F0D5BA3B2DF3D422357A2 /* LaunchableApp.swift in Sources */ = {isa = PBXBuildFile; fileRef = 81A4430F08AB2D0C5F1287D7 /* LaunchableApp.swift */; };
		7433D9916B87852F7588C5FA /* AppLauncherStore.swift in Sources */ = {isa = PBXBuildFile; fileRef = EDB20BE17E67C0052C039FA8 /* AppLauncherStore.swift */; };
		74DBFAFA41D9767B38B427DC /* PromptShortcut.swift in Sources */ = {isa = PBXBuildFile; fileRef = 086F2D7E3274022924F60BC2 /* PromptShortcut.swift */; };
		76A89C86973B2585C6C892DE /* UtilityTimerStore.swift in Sources */ = {isa = PBXBuildFile; fileRef = 46F358BED46DF6077C4DBA6A /* UtilityTimerStore.swift */; };
		7CC6BD1B484E5DA8CD34FF46 /* LlamaChatResponder.swift in Sources */ = {isa = PBXBuildFile; fileRef = 85742F0605CDA4BA9F540862 /* LlamaChatResponder.swift */; };
		7E929E96E6ACC2AE1C631998 /* PromptShortcutStore.swift in Sources */ = {isa = PBXBuildFile; fileRef = 0E23F7DCA1368578E257AA98 /* PromptShortcutStore.swift */; };
		86BEF751DCA2549E6854C892 /* TimeFormatting.swift in Sources */ = {isa = PBXBuildFile; fileRef = 801A1999F8D4A3D6878783DD /* TimeFormatting.swift */; };
		95ABAC76D19C45743CA35CA8 /* PromptShortcutSlots.swift in Sources */ = {isa = PBXBuildFile; fileRef = 9A421E9625B8511420CE5909 /* PromptShortcutSlots.swift */; };
		9AB0C6BD2C73C9CB00F7CD30 /* NotchHomeView.swift in Sources */ = {isa = PBXBuildFile; fileRef = 9AB0C6BB2C73C9CB00F7CD30 /* NotchHomeView.swift */; };
		A0385A6A9C83A70F511021FA /* NotchTabLayout.swift in Sources */ = {isa = PBXBuildFile; fileRef = A19353B8C4FFEAB7888B1136 /* NotchTabLayout.swift */; };
		AE21573D77F65DBB0123835A /* AppLauncherSlotView.swift in Sources */ = {isa = PBXBuildFile; fileRef = B04B4EF4A14C401EAFC8B116 /* AppLauncherSlotView.swift */; };
		AEBA577D4AAF3C6D08A78C7E /* AppLauncherSlots.swift in Sources */ = {isa = PBXBuildFile; fileRef = D9232855FF5F0A9210AB509D /* AppLauncherSlots.swift */; };
		B10348D92C74E56000475897 /* ConditionalModifier.swift in Sources */ = {isa = PBXBuildFile; fileRef = B10348D82C74E56000475897 /* ConditionalModifier.swift */; };
		B1628B922CC260C0003D8DF3 /* SwiftUIIntrospect in Frameworks */ = {isa = PBXBuildFile; productRef = B1628B912CC260C0003D8DF3 /* SwiftUIIntrospect */; };
		B17266DF2C64DFA00031BA0D /* BundleInfos.swift in Sources */ = {isa = PBXBuildFile; fileRef = B17266DE2C64DFA00031BA0D /* BundleInfos.swift */; };
		B19016222CC15B3D00E3F12E /* Defaults in Frameworks */ = {isa = PBXBuildFile; productRef = B19016212CC15B3D00E3F12E /* Defaults */; };
		B19016242CC15B5000E3F12E /* Constants.swift in Sources */ = {isa = PBXBuildFile; fileRef = B19016232CC15B4D00E3F12E /* Constants.swift */; };
		B1A78C822C8BA08100BD51B0 /* FullscreenMediaDetection.swift in Sources */ = {isa = PBXBuildFile; fileRef = B1A78C812C8BA08100BD51B0 /* FullscreenMediaDetection.swift */; };
		B1C448982C972CC4001F0858 /* ListItemPopover.swift in Sources */ = {isa = PBXBuildFile; fileRef = B1C448972C972CC4001F0858 /* ListItemPopover.swift */; };
		B1C974342C642B6D0000E707 /* MarqueeTextView.swift in Sources */ = {isa = PBXBuildFile; fileRef = B1C974332C642B6D0000E707 /* MarqueeTextView.swift */; };
		BD402C00AB85DD895718B857 /* ModelSelectorView.swift in Sources */ = {isa = PBXBuildFile; fileRef = 90328C5F2F83CBC560BC8A36 /* ModelSelectorView.swift */; };
		BDA91DBAFE65CB3A0FCCFFB0 /* ClosedNotchLayout.swift in Sources */ = {isa = PBXBuildFile; fileRef = 0ADD7CE40D8053CB96C57954 /* ClosedNotchLayout.swift */; };
		C6B245688BEA76E8D0B41FEB /* ChatMarkdown.swift in Sources */ = {isa = PBXBuildFile; fileRef = 09865EDD3DCCE1237F0C1EA1 /* ChatMarkdown.swift */; };
		D7F448C9080A3D71035114A0 /* NotchTabContent.swift in Sources */ = {isa = PBXBuildFile; fileRef = 70AFD92E7573803CCC56842A /* NotchTabContent.swift */; };
		DB9A177ADBFD33F38E9AF824 /* ModelStore.swift in Sources */ = {isa = PBXBuildFile; fileRef = 6E6C89F175E36CEDE18AA3C5 /* ModelStore.swift */; };
		E120117E00C1A77B3E6A25BC /* TimerWidgetView.swift in Sources */ = {isa = PBXBuildFile; fileRef = 0EF10453F399D3DD5F8B316D /* TimerWidgetView.swift */; };
		E1930DF34E8C173C659C9599 /* LlamaModel.swift in Sources */ = {isa = PBXBuildFile; fileRef = 2A2A3084A685A2CE15463AAA /* LlamaModel.swift */; };
		EF47C0E1116A90079FFAE332 /* TranscriptionView.swift in Sources */ = {isa = PBXBuildFile; fileRef = 2F92C66713C85D4186BFDD7E /* TranscriptionView.swift */; };
		F504B975FA538B5EECD53E33 /* UtilitiesView.swift in Sources */ = {isa = PBXBuildFile; fileRef = 5FD0E7276BAD79CD1B1BB051 /* UtilitiesView.swift */; };
		F555D77902C9C3C896A03770 /* ChatStore.swift in Sources */ = {isa = PBXBuildFile; fileRef = DAC01764647C2DF317C4B416 /* ChatStore.swift */; };
		F6068790E7FC2A1B94C5C88F /* ChatResponder.swift in Sources */ = {isa = PBXBuildFile; fileRef = B3C4EA39249A7E06D13A1D34 /* ChatResponder.swift */; };
		F70BED45238E81BEBCC8B3E4 /* ColorPickerWidgetView.swift in Sources */ = {isa = PBXBuildFile; fileRef = 545B1E23A84811687B4CBA46 /* ColorPickerWidgetView.swift */; };
		FD6E56153AD8132AC034FF70 /* AISettingsPane.swift in Sources */ = {isa = PBXBuildFile; fileRef = 480473B49C3175EAE3D49023 /* AISettingsPane.swift */; };
/* End PBXBuildFile section */

/* Begin PBXCopyFilesBuildPhase section */
		B1ECFA062C6FE58A002ACD87 /* Embed Frameworks */ = {
			isa = PBXCopyFilesBuildPhase;
			buildActionMask = 12;
			dstPath = "";
			dstSubfolderSpec = 10;
			files = (
				117AB5172E30E09C00558921 /* MediaRemoteAdapter.framework in Embed Frameworks */,
			);
			name = "Embed Frameworks";
			runOnlyForDeploymentPostprocessing = 0;
		};
/* End PBXCopyFilesBuildPhase section */

/* Begin PBXFileReference section */
		086F2D7E3274022924F60BC2 /* PromptShortcut.swift */ = {isa = PBXFileReference; includeInIndex = 1; lastKnownFileType = sourcecode.swift; name = PromptShortcut.swift; path = YetAnotherNotch/components/AI/PromptShortcut.swift; sourceTree = "<group>"; };
		09865EDD3DCCE1237F0C1EA1 /* ChatMarkdown.swift */ = {isa = PBXFileReference; includeInIndex = 1; lastKnownFileType = sourcecode.swift; path = ChatMarkdown.swift; sourceTree = "<group>"; };
		0ADD7CE40D8053CB96C57954 /* ClosedNotchLayout.swift */ = {isa = PBXFileReference; includeInIndex = 1; lastKnownFileType = sourcecode.swift; path = ClosedNotchLayout.swift; sourceTree = "<group>"; };
		0E23F7DCA1368578E257AA98 /* PromptShortcutStore.swift */ = {isa = PBXFileReference; includeInIndex = 1; lastKnownFileType = sourcecode.swift; name = PromptShortcutStore.swift; path = YetAnotherNotch/components/AI/PromptShortcutStore.swift; sourceTree = "<group>"; };
		0EF10453F399D3DD5F8B316D /* TimerWidgetView.swift */ = {isa = PBXFileReference; includeInIndex = 1; lastKnownFileType = sourcecode.swift; path = TimerWidgetView.swift; sourceTree = "<group>"; };
		111BEA602ED09B1B0079DD4E /* NSScreen+UUID.swift */ = {isa = PBXFileReference; lastKnownFileType = sourcecode.swift; path = "NSScreen+UUID.swift"; sourceTree = "<group>"; };
		112B0EB32E30DD0F00562D6C /* mediaremote-adapter.pl */ = {isa = PBXFileReference; lastKnownFileType = text.script.perl; path = "mediaremote-adapter.pl"; sourceTree = "<group>"; };
		112B0EB52E30DD0F00562D6C /* MediaRemoteAdapterTestClient */ = {isa = PBXFileReference; lastKnownFileType = "compiled.mach-o.executable"; path = MediaRemoteAdapterTestClient; sourceTree = "<group>"; };
		112B0EBA2E30DD5000562D6C /* MediaRemoteAdapter.framework */ = {isa = PBXFileReference; lastKnownFileType = wrapper.framework; name = MediaRemoteAdapter.framework; path = "mediaremote-adapter/MediaRemoteAdapter.framework"; sourceTree = "<group>"; };
		112FB7342CCF16F70015238C /* NotchSpaceManager.swift */ = {isa = PBXFileReference; lastKnownFileType = sourcecode.swift; path = NotchSpaceManager.swift; sourceTree = "<group>"; };
		1132E5102E777B6E0068732D /* YouTubeMusicModels.swift */ = {isa = PBXFileReference; lastKnownFileType = sourcecode.swift; path = YouTubeMusicModels.swift; sourceTree = "<group>"; };
		1132E5132E777B920068732D /* YouTubeMusicNetworking.swift */ = {isa = PBXFileReference; lastKnownFileType = sourcecode.swift; path = YouTubeMusicNetworking.swift; sourceTree = "<group>"; };
		1132E5152E777C140068732D /* YouTubeMusicAuthentication.swift */ = {isa = PBXFileReference; lastKnownFileType = sourcecode.swift; path = YouTubeMusicAuthentication.swift; sourceTree = "<group>"; };
		1153BD8D2D986B1F00979FB0 /* MediaControllerProtocol.swift */ = {isa = PBXFileReference; lastKnownFileType = sourcecode.swift; path = MediaControllerProtocol.swift; sourceTree = "<group>"; };
		1153BD902D986DB300979FB0 /* PlaybackState.swift */ = {isa = PBXFileReference; lastKnownFileType = sourcecode.swift; path = PlaybackState.swift; sourceTree = "<group>"; };
		1153BD922D986E4300979FB0 /* AppleMusicController.swift */ = {isa = PBXFileReference; lastKnownFileType = sourcecode.swift; path = AppleMusicController.swift; sourceTree = "<group>"; };
		1153BD972D9881F900979FB0 /* AppleScriptHelper.swift */ = {isa = PBXFileReference; lastKnownFileType = sourcecode.swift; path = AppleScriptHelper.swift; sourceTree = "<group>"; };
		1153BD992D98824300979FB0 /* SpotifyController.swift */ = {isa = PBXFileReference; lastKnownFileType = sourcecode.swift; path = SpotifyController.swift; sourceTree = "<group>"; };
		1153BD9B2D98853B00979FB0 /* NowPlayingController.swift */ = {isa = PBXFileReference; lastKnownFileType = sourcecode.swift; path = NowPlayingController.swift; sourceTree = "<group>"; };
		1153BDA62D99B22200979FB0 /* YouTubeMusicController.swift */ = {isa = PBXFileReference; lastKnownFileType = sourcecode.swift; path = YouTubeMusicController.swift; sourceTree = "<group>"; };
		1160F8D72DD98230006FBB94 /* NotchShape.swift */ = {isa = PBXFileReference; lastKnownFileType = sourcecode.swift; path = NotchShape.swift; sourceTree = "<group>"; };
		1194E8862EA6DDA7009C82D6 /* YetAnotherNotchSkyLightWindow.swift */ = {isa = PBXFileReference; lastKnownFileType = sourcecode.swift; path = YetAnotherNotchSkyLightWindow.swift; sourceTree = "<group>"; };
		1194E93F2EACC652009C82D6 /* Color+AccentColor.swift */ = {isa = PBXFileReference; lastKnownFileType = sourcecode.swift; path = "Color+AccentColor.swift"; sourceTree = "<group>"; };
		11A45C782E34E63100CEB175 /* MediaChecker.swift */ = {isa = PBXFileReference; lastKnownFileType = sourcecode.swift; path = MediaChecker.swift; sourceTree = "<group>"; };
		11C5E3112DFE85970065821E /* SettingsWindowController.swift */ = {isa = PBXFileReference; lastKnownFileType = sourcecode.swift; path = SettingsWindowController.swift; sourceTree = "<group>"; };
		11C5E3152DFE88510065821E /* SettingsView.swift */ = {isa = PBXFileReference; lastKnownFileType = sourcecode.swift; path = SettingsView.swift; sourceTree = "<group>"; };
		11CC44A12CEE614100C7244B /* CustomViewCoordinator.swift */ = {isa = PBXFileReference; lastKnownFileType = sourcecode.swift; path = CustomViewCoordinator.swift; sourceTree = "<group>"; };
		11D58EA12E760AE100FA8377 /* ImageService.swift */ = {isa = PBXFileReference; lastKnownFileType = sourcecode.swift; path = ImageService.swift; sourceTree = "<group>"; };
		11F748812ECB07A400F841DB /* MusicControlButton.swift */ = {isa = PBXFileReference; lastKnownFileType = sourcecode.swift; path = MusicControlButton.swift; sourceTree = "<group>"; };
		11F748832ECB27DC00F841DB /* MusicSlotConfigurationView.swift */ = {isa = PBXFileReference; lastKnownFileType = sourcecode.swift; path = MusicSlotConfigurationView.swift; sourceTree = "<group>"; };
		14288E0B2C6F8EC000B9F80C /* AppIcons.swift */ = {isa = PBXFileReference; lastKnownFileType = sourcecode.swift; path = AppIcons.swift; sourceTree = "<group>"; };
		1443E7F22C609DCE0027C1FC /* matters.swift */ = {isa = PBXFileReference; lastKnownFileType = sourcecode.swift; path = matters.swift; sourceTree = "<group>"; };
		1443E7F42C609E650027C1FC /* Info.plist */ = {isa = PBXFileReference; lastKnownFileType = text.plist.xml; path = Info.plist; sourceTree = "<group>"; };
		147163972C5D35B70068B555 /* MusicVisualizer.swift */ = {isa = PBXFileReference; lastKnownFileType = sourcecode.swift; path = MusicVisualizer.swift; sourceTree = "<group>"; };
		147163992C5D35FF0068B555 /* MusicManager.swift */ = {isa = PBXFileReference; lastKnownFileType = sourcecode.swift; path = MusicManager.swift; sourceTree = "<group>"; };
		1471A8582C6281BD0058408D /* YetAnotherNotchWindow.swift */ = {isa = PBXFileReference; lastKnownFileType = sourcecode.swift; path = YetAnotherNotchWindow.swift; sourceTree = "<group>"; };
		14C08BC02C8E03AD000F8AA0 /* NSImage+Extensions.swift */ = {isa = PBXFileReference; fileEncoding = 4; lastKnownFileType = sourcecode.swift; path = "NSImage+Extensions.swift"; sourceTree = "<group>"; };
		14CEF4122C5CAED300855D72 /* YetAnotherNotch.app */ = {isa = PBXFileReference; explicitFileType = wrapper.application; includeInIndex = 0; path = YetAnotherNotch.app; sourceTree = BUILT_PRODUCTS_DIR; };
		14CEF4152C5CAED300855D72 /* YetAnotherNotchApp.swift */ = {isa = PBXFileReference; lastKnownFileType = sourcecode.swift; path = YetAnotherNotchApp.swift; sourceTree = "<group>"; };
		14CEF4172C5CAED300855D72 /* ContentView.swift */ = {isa = PBXFileReference; lastKnownFileType = sourcecode.swift; path = ContentView.swift; sourceTree = "<group>"; };
		14CEF4192C5CAED400855D72 /* Assets.xcassets */ = {isa = PBXFileReference; lastKnownFileType = folder.assetcatalog; path = Assets.xcassets; sourceTree = "<group>"; };
		14CEF41C2C5CAED400855D72 /* Preview Assets.xcassets */ = {isa = PBXFileReference; lastKnownFileType = folder.assetcatalog; path = "Preview Assets.xcassets"; sourceTree = "<group>"; };
		14CEF41E2C5CAED400855D72 /* YetAnotherNotch.entitlements */ = {isa = PBXFileReference; lastKnownFileType = text.plist.entitlements; path = YetAnotherNotch.entitlements; sourceTree = "<group>"; };
		14D031ED2C689DB70096E6A1 /* IOKit.framework */ = {isa = PBXFileReference; lastKnownFileType = wrapper.framework; name = IOKit.framework; path = System/Library/Frameworks/IOKit.framework; sourceTree = SDKROOT; };
		14D031EF2C689DC00096E6A1 /* ApplicationServices.framework */ = {isa = PBXFileReference; lastKnownFileType = wrapper.framework; name = ApplicationServices.framework; path = System/Library/Frameworks/ApplicationServices.framework; sourceTree = SDKROOT; };
		14D570B82C5E98A20011E668 /* drop.swift */ = {isa = PBXFileReference; lastKnownFileType = sourcecode.swift; path = drop.swift; sourceTree = "<group>"; };
		14D570BB2C5E98EB0011E668 /* generic.swift */ = {isa = PBXFileReference; lastKnownFileType = sourcecode.swift; path = generic.swift; sourceTree = "<group>"; };
		14D570C52C5F38210011E668 /* CustomHeader.swift */ = {isa = PBXFileReference; lastKnownFileType = sourcecode.swift; path = CustomHeader.swift; sourceTree = "<group>"; };
		14D570C82C5F38890011E668 /* CustomViewModel.swift */ = {isa = PBXFileReference; lastKnownFileType = sourcecode.swift; path = CustomViewModel.swift; sourceTree = "<group>"; };
		14D570D12C5F6C6A0011E668 /* CustomExtrasMenu.swift */ = {isa = PBXFileReference; lastKnownFileType = sourcecode.swift; path = CustomExtrasMenu.swift; sourceTree = "<group>"; };
		14FC6E4F2C7DED5600C7BEA5 /* DataTypes+Extensions.swift */ = {isa = PBXFileReference; lastKnownFileType = sourcecode.swift; path = "DataTypes+Extensions.swift"; sourceTree = "<group>"; };
		2A2A3084A685A2CE15463AAA /* LlamaModel.swift */ = {isa = PBXFileReference; includeInIndex = 1; lastKnownFileType = sourcecode.swift; name = LlamaModel.swift; path = YetAnotherNotch/components/AI/LlamaModel.swift; sourceTree = "<group>"; };
		2F92C66713C85D4186BFDD7E /* TranscriptionView.swift */ = {isa = PBXFileReference; includeInIndex = 1; lastKnownFileType = sourcecode.swift; name = TranscriptionView.swift; path = YetAnotherNotch/components/Transcription/TranscriptionView.swift; sourceTree = "<group>"; };
		350134EBB55FB133DA6ABF0B /* TranscriptionStore.swift */ = {isa = PBXFileReference; includeInIndex = 1; lastKnownFileType = sourcecode.swift; name = TranscriptionStore.swift; path = YetAnotherNotch/components/Transcription/TranscriptionStore.swift; sourceTree = "<group>"; };
		3C77ED1D4781FCA8FD433DD4 /* ColorPickerStore.swift */ = {isa = PBXFileReference; includeInIndex = 1; lastKnownFileType = sourcecode.swift; path = ColorPickerStore.swift; sourceTree = "<group>"; };
		3D7FD27F992789FB749EAEF9 /* DimmingOverlay.swift */ = {isa = PBXFileReference; includeInIndex = 1; lastKnownFileType = sourcecode.swift; path = DimmingOverlay.swift; sourceTree = "<group>"; };
		46F358BED46DF6077C4DBA6A /* UtilityTimerStore.swift */ = {isa = PBXFileReference; includeInIndex = 1; lastKnownFileType = sourcecode.swift; path = UtilityTimerStore.swift; sourceTree = "<group>"; };
		480473B49C3175EAE3D49023 /* AISettingsPane.swift */ = {isa = PBXFileReference; includeInIndex = 1; lastKnownFileType = sourcecode.swift; name = AISettingsPane.swift; path = YetAnotherNotch/components/AI/AISettingsPane.swift; sourceTree = "<group>"; };
		507266DA2C908E2E00A2D00D /* HoverButton.swift */ = {isa = PBXFileReference; lastKnownFileType = sourcecode.swift; path = HoverButton.swift; sourceTree = "<group>"; };
		532FCF8D8F58C3553DE574E2 /* PromptShortcutSlotView.swift */ = {isa = PBXFileReference; includeInIndex = 1; lastKnownFileType = sourcecode.swift; name = PromptShortcutSlotView.swift; path = YetAnotherNotch/components/AI/PromptShortcutSlotView.swift; sourceTree = "<group>"; };
		5453DA044C96A09F2F3A6D6D /* ClosedNotchActivity.swift */ = {isa = PBXFileReference; includeInIndex = 1; lastKnownFileType = sourcecode.swift; path = ClosedNotchActivity.swift; sourceTree = "<group>"; };
		545B1E23A84811687B4CBA46 /* ColorPickerWidgetView.swift */ = {isa = PBXFileReference; includeInIndex = 1; lastKnownFileType = sourcecode.swift; path = ColorPickerWidgetView.swift; sourceTree = "<group>"; };
		5955950C2E900ED800C66711 /* ApplicationRelauncher.swift */ = {isa = PBXFileReference; lastKnownFileType = sourcecode.swift; path = ApplicationRelauncher.swift; sourceTree = "<group>"; };
		5FB38589BF91197C741EE9F2 /* NotchTab.swift */ = {isa = PBXFileReference; includeInIndex = 1; lastKnownFileType = sourcecode.swift; path = NotchTab.swift; sourceTree = "<group>"; };
		5FD0E7276BAD79CD1B1BB051 /* UtilitiesView.swift */ = {isa = PBXFileReference; includeInIndex = 1; lastKnownFileType = sourcecode.swift; path = UtilitiesView.swift; sourceTree = "<group>"; };
		6520C9F207C898E9B871FB86 /* LlamaServerAddress.swift */ = {isa = PBXFileReference; includeInIndex = 1; lastKnownFileType = sourcecode.swift; name = LlamaServerAddress.swift; path = YetAnotherNotch/components/AI/LlamaServerAddress.swift; sourceTree = "<group>"; };
		6E6C89F175E36CEDE18AA3C5 /* ModelStore.swift */ = {isa = PBXFileReference; includeInIndex = 1; lastKnownFileType = sourcecode.swift; name = ModelStore.swift; path = YetAnotherNotch/components/AI/ModelStore.swift; sourceTree = "<group>"; };
		70AFD92E7573803CCC56842A /* NotchTabContent.swift */ = {isa = PBXFileReference; includeInIndex = 1; lastKnownFileType = sourcecode.swift; path = NotchTabContent.swift; sourceTree = "<group>"; };
		74715A3AA25691663C4130A6 /* NotchTabButton.swift */ = {isa = PBXFileReference; includeInIndex = 1; lastKnownFileType = sourcecode.swift; path = NotchTabButton.swift; sourceTree = "<group>"; };
		788ADD42430A257585484324 /* ChatMarkdownText.swift */ = {isa = PBXFileReference; includeInIndex = 1; lastKnownFileType = sourcecode.swift; path = ChatMarkdownText.swift; sourceTree = "<group>"; };
		801A1999F8D4A3D6878783DD /* TimeFormatting.swift */ = {isa = PBXFileReference; includeInIndex = 1; lastKnownFileType = sourcecode.swift; path = TimeFormatting.swift; sourceTree = "<group>"; };
		81A4430F08AB2D0C5F1287D7 /* LaunchableApp.swift */ = {isa = PBXFileReference; includeInIndex = 1; lastKnownFileType = sourcecode.swift; path = LaunchableApp.swift; sourceTree = "<group>"; };
		827693741818A7AC89C2B020 /* SSEChatParser.swift */ = {isa = PBXFileReference; includeInIndex = 1; lastKnownFileType = sourcecode.swift; name = SSEChatParser.swift; path = YetAnotherNotch/components/AI/SSEChatParser.swift; sourceTree = "<group>"; };
		85742F0605CDA4BA9F540862 /* LlamaChatResponder.swift */ = {isa = PBXFileReference; includeInIndex = 1; lastKnownFileType = sourcecode.swift; name = LlamaChatResponder.swift; path = YetAnotherNotch/components/AI/LlamaChatResponder.swift; sourceTree = "<group>"; };
		90328C5F2F83CBC560BC8A36 /* ModelSelectorView.swift */ = {isa = PBXFileReference; includeInIndex = 1; lastKnownFileType = sourcecode.swift; name = ModelSelectorView.swift; path = YetAnotherNotch/components/AI/ModelSelectorView.swift; sourceTree = "<group>"; };
		9A421E9625B8511420CE5909 /* PromptShortcutSlots.swift */ = {isa = PBXFileReference; includeInIndex = 1; lastKnownFileType = sourcecode.swift; name = PromptShortcutSlots.swift; path = YetAnotherNotch/components/AI/PromptShortcutSlots.swift; sourceTree = "<group>"; };
		9AB0C6BB2C73C9CB00F7CD30 /* NotchHomeView.swift */ = {isa = PBXFileReference; fileEncoding = 4; lastKnownFileType = sourcecode.swift; path = NotchHomeView.swift; sourceTree = "<group>"; };
		9B17B48DA985F24A233E4A86 /* ChatTabView.swift */ = {isa = PBXFileReference; includeInIndex = 1; lastKnownFileType = sourcecode.swift; path = ChatTabView.swift; sourceTree = "<group>"; };
		9F7E28509D493CFD9B32751F /* NotchTabBar.swift */ = {isa = PBXFileReference; includeInIndex = 1; lastKnownFileType = sourcecode.swift; path = NotchTabBar.swift; sourceTree = "<group>"; };
		A19353B8C4FFEAB7888B1136 /* NotchTabLayout.swift */ = {isa = PBXFileReference; includeInIndex = 1; lastKnownFileType = sourcecode.swift; path = NotchTabLayout.swift; sourceTree = "<group>"; };
		AB423BC43332E40F33E8701E /* NotchTabPlaceholder.swift */ = {isa = PBXFileReference; includeInIndex = 1; lastKnownFileType = sourcecode.swift; path = NotchTabPlaceholder.swift; sourceTree = "<group>"; };
		B04B4EF4A14C401EAFC8B116 /* AppLauncherSlotView.swift */ = {isa = PBXFileReference; includeInIndex = 1; lastKnownFileType = sourcecode.swift; path = AppLauncherSlotView.swift; sourceTree = "<group>"; };
		B10348D82C74E56000475897 /* ConditionalModifier.swift */ = {isa = PBXFileReference; lastKnownFileType = sourcecode.swift; path = ConditionalModifier.swift; sourceTree = "<group>"; };
		B17266DE2C64DFA00031BA0D /* BundleInfos.swift */ = {isa = PBXFileReference; lastKnownFileType = sourcecode.swift; path = BundleInfos.swift; sourceTree = "<group>"; };
		B19016232CC15B4D00E3F12E /* Constants.swift */ = {isa = PBXFileReference; lastKnownFileType = sourcecode.swift; path = Constants.swift; sourceTree = "<group>"; };
		B1A78C812C8BA08100BD51B0 /* FullscreenMediaDetection.swift */ = {isa = PBXFileReference; lastKnownFileType = sourcecode.swift; path = FullscreenMediaDetection.swift; sourceTree = "<group>"; };
		B1C448972C972CC4001F0858 /* ListItemPopover.swift */ = {isa = PBXFileReference; lastKnownFileType = sourcecode.swift; path = ListItemPopover.swift; sourceTree = "<group>"; };
		B1C974332C642B6D0000E707 /* MarqueeTextView.swift */ = {isa = PBXFileReference; lastKnownFileType = sourcecode.swift; path = MarqueeTextView.swift; sourceTree = "<group>"; };
		B3C4EA39249A7E06D13A1D34 /* ChatResponder.swift */ = {isa = PBXFileReference; includeInIndex = 1; lastKnownFileType = sourcecode.swift; path = ChatResponder.swift; sourceTree = "<group>"; };
		B47C7CD96DA0C0570C8C9032 /* BrightnessWidgetView.swift */ = {isa = PBXFileReference; includeInIndex = 1; lastKnownFileType = sourcecode.swift; path = BrightnessWidgetView.swift; sourceTree = "<group>"; };
		BDE3D9BE45D5AC6C97F70783 /* LlamaClient.swift */ = {isa = PBXFileReference; includeInIndex = 1; lastKnownFileType = sourcecode.swift; name = LlamaClient.swift; path = YetAnotherNotch/components/AI/LlamaClient.swift; sourceTree = "<group>"; };
		D9232855FF5F0A9210AB509D /* AppLauncherSlots.swift */ = {isa = PBXFileReference; includeInIndex = 1; lastKnownFileType = sourcecode.swift; path = AppLauncherSlots.swift; sourceTree = "<group>"; };
		DAC01764647C2DF317C4B416 /* ChatStore.swift */ = {isa = PBXFileReference; includeInIndex = 1; lastKnownFileType = sourcecode.swift; path = ChatStore.swift; sourceTree = "<group>"; };
		E1EA1C7F471991975A920836 /* AIView.swift */ = {isa = PBXFileReference; includeInIndex = 1; lastKnownFileType = sourcecode.swift; name = AIView.swift; path = YetAnotherNotch/components/AI/AIView.swift; sourceTree = "<group>"; };
		E746C07F7D2BC24184A4040B /* HexColor.swift */ = {isa = PBXFileReference; includeInIndex = 1; lastKnownFileType = sourcecode.swift; path = HexColor.swift; sourceTree = "<group>"; };
		EDB20BE17E67C0052C039FA8 /* AppLauncherStore.swift */ = {isa = PBXFileReference; includeInIndex = 1; lastKnownFileType = sourcecode.swift; path = AppLauncherStore.swift; sourceTree = "<group>"; };
		F150B8BF6CD4D9E007A4DEA6 /* AppLauncherView.swift */ = {isa = PBXFileReference; includeInIndex = 1; lastKnownFileType = sourcecode.swift; path = AppLauncherView.swift; sourceTree = "<group>"; };
		F5AC51ACEC7D93517ECB2602 /* ExternalDisplayStore.swift */ = {isa = PBXFileReference; includeInIndex = 1; lastKnownFileType = sourcecode.swift; path = ExternalDisplayStore.swift; sourceTree = "<group>"; };
		FF38F214E2FD0A1B840ADA2D /* PromptShortcutsView.swift */ = {isa = PBXFileReference; includeInIndex = 1; lastKnownFileType = sourcecode.swift; name = PromptShortcutsView.swift; path = YetAnotherNotch/components/AI/PromptShortcutsView.swift; sourceTree = "<group>"; };
/* End PBXFileReference section */

/* Begin PBXFileSystemSynchronizedRootGroup section */
		112FB72F2CCF12CC0015238C /* private */ = {
			isa = PBXFileSystemSynchronizedRootGroup;
			exceptions = (
			);
			explicitFileTypes = {
			};
			explicitFolders = (
			);
			path = private;
			sourceTree = "<group>";
		};
/* End PBXFileSystemSynchronizedRootGroup section */

/* Begin PBXFrameworksBuildPhase section */
		14CEF40F2C5CAED300855D72 /* Frameworks */ = {
			isa = PBXFrameworksBuildPhase;
			buildActionMask = 2147483647;
			files = (
				111BEA5F2ED07A340079DD4E /* MacroVisionKit in Frameworks */,
				1194E8852EA57D23009C82D6 /* SkyLightWindow in Frameworks */,
				112B0EBB2E30DD5000562D6C /* MediaRemoteAdapter.framework in Frameworks */,
				111BEA6F2ED166E20079DD4E /* MacroVisionKit in Frameworks */,
				14D0321A2C68F32E0096E6A1 /* LaunchAtLogin in Frameworks */,
				111BEA512ECFBF7F0079DD4E /* MacroVisionKit in Frameworks */,
				B19016222CC15B3D00E3F12E /* Defaults in Frameworks */,
				B1628B922CC260C0003D8DF3 /* SwiftUIIntrospect in Frameworks */,
			);
			runOnlyForDeploymentPostprocessing = 0;
		};
/* End PBXFrameworksBuildPhase section */

/* Begin PBXGroup section */
		1113ABB82E80E27000EC13B2 /* Models */ = {
			isa = PBXGroup;
			children = (
			);
			path = Models;
			sourceTree = "<group>";
		};
		1113ABBF2E80E27000EC13B2 /* Services */ = {
			isa = PBXGroup;
			children = (
			);
			path = Services;
			sourceTree = "<group>";
		};
		1113ABC22E80E27000EC13B2 /* ViewModels */ = {
			isa = PBXGroup;
			children = (
			);
			path = ViewModels;
			sourceTree = "<group>";
		};
		1113ABC42E80E27000EC13B2 /* Views */ = {
			isa = PBXGroup;
			children = (
			);
			path = Views;
			sourceTree = "<group>";
		};
		112B0EB62E30DD0F00562D6C /* mediaremote-adapter */ = {
			isa = PBXGroup;
			children = (
				112B0EB32E30DD0F00562D6C /* mediaremote-adapter.pl */,
				112B0EB52E30DD0F00562D6C /* MediaRemoteAdapterTestClient */,
			);
			path = "mediaremote-adapter";
			sourceTree = "<group>";
		};
		1132E5232E78D6DA0068732D /* YouTube Music Controller */ = {
			isa = PBXGroup;
			children = (
				1132E5152E777C140068732D /* YouTubeMusicAuthentication.swift */,
				1132E5132E777B920068732D /* YouTubeMusicNetworking.swift */,
				1132E5102E777B6E0068732D /* YouTubeMusicModels.swift */,
				1153BDA62D99B22200979FB0 /* YouTubeMusicController.swift */,
			);
			path = "YouTube Music Controller";
			sourceTree = "<group>";
		};
		1153BD8E2D986B1F00979FB0 /* MediaControllers */ = {
			isa = PBXGroup;
			children = (
				1132E5232E78D6DA0068732D /* YouTube Music Controller */,
				1153BD8D2D986B1F00979FB0 /* MediaControllerProtocol.swift */,
				1153BD922D986E4300979FB0 /* AppleMusicController.swift */,
				1153BD992D98824300979FB0 /* SpotifyController.swift */,
				1153BD9B2D98853B00979FB0 /* NowPlayingController.swift */,
			);
			path = MediaControllers;
			sourceTree = "<group>";
		};
		116398942DF5D6B40052E6AF /* Providers */ = {
			isa = PBXGroup;
			children = (
			);
			path = Providers;
			sourceTree = "<group>";
		};
		11F748672EC9AC9600F841DB /* XPCHelperClient */ = {
			isa = PBXGroup;
			children = (
			);
			path = XPCHelperClient;
			sourceTree = "<group>";
		};
		14288DD92C6E015000B9F80C /* helpers */ = {
			isa = PBXGroup;
			children = (
				11A45C782E34E63100CEB175 /* MediaChecker.swift */,
				1153BD972D9881F900979FB0 /* AppleScriptHelper.swift */,
				5955950C2E900ED800C66711 /* ApplicationRelauncher.swift */,
				14288E0B2C6F8EC000B9F80C /* AppIcons.swift */,
			);
			path = helpers;
			sourceTree = "<group>";
		};
		14288DE22C6E016F00B9F80C /* observers */ = {
			isa = PBXGroup;
			children = (
				B1A78C812C8BA08100BD51B0 /* FullscreenMediaDetection.swift */,
			);
			path = observers;
			sourceTree = "<group>";
		};
		1443E7F12C609DB90027C1FC /* sizing */ = {
			isa = PBXGroup;
			children = (
				1443E7F22C609DCE0027C1FC /* matters.swift */,
			);
			path = sizing;
			sourceTree = "<group>";
		};
		1471639B2C5D362F0068B555 /* components */ = {
			isa = PBXGroup;
			children = (
				B141C23B2CA5F50900AC8CC8 /* Onboarding */,
				B1C448992C97375A001F0858 /* Tips */,
				14C08BB72C8DE49E000F8AA0 /* Calendar */,
				9A987A042C73CA66005CA465 /* Shelf */,
				149E0B982C737D26006418B1 /* Webcam */,
				B18654312C6F45AE000B926A /* Live activities */,
				B18654302C6F4590000B926A /* Settings */,
				B186542F2C6F455E000B926A /* Notch */,
				9A0887332C7AFF7E00C160EA /* Tabs */,
				B186542E2C6F453B000B926A /* Music */,
				507266DA2C908E2E00A2D00D /* HoverButton.swift */,
				764D9C95BD7CC9F97BC5C325 /* AppLauncher */,
				4412DF72E2348CE63021C676 /* Utilities */,
				A6A0F0C2B725DE14EF2A45DA /* Chat */,
				42063EEA58CD24557374A4B3 /* AI */,
				53282A85435889E92A3EEBD6 /* Transcription */,
			);
			path = components;
			sourceTree = "<group>";
		};
		147163B52C5D804B0068B555 /* managers */ = {
			isa = PBXGroup;
			children = (
				11D58EA12E760AE100FA8377 /* ImageService.swift */,
				112FB7342CCF16F70015238C /* NotchSpaceManager.swift */,
				147163992C5D35FF0068B555 /* MusicManager.swift */,
			);
			path = managers;
			sourceTree = "<group>";
		};
		149E0B982C737D26006418B1 /* Webcam */ = {
			isa = PBXGroup;
			children = (
			);
			path = Webcam;
			sourceTree = "<group>";
		};
		14C08BB72C8DE49E000F8AA0 /* Calendar */ = {
			isa = PBXGroup;
			children = (
			);
			path = Calendar;
			sourceTree = "<group>";
		};
		14CEF4092C5CAED200855D72 = {
			isa = PBXGroup;
			children = (
				112B0EB62E30DD0F00562D6C /* mediaremote-adapter */,
				14CEF4142C5CAED300855D72 /* YetAnotherNotch */,
				14CEF4132C5CAED300855D72 /* Products */,
				14D031EC2C689DB70096E6A1 /* Frameworks */,
			);
			sourceTree = "<group>";
		};
		14CEF4132C5CAED300855D72 /* Products */ = {
			isa = PBXGroup;
			children = (
				14CEF4122C5CAED300855D72 /* YetAnotherNotch.app */,
			);
			name = Products;
			sourceTree = "<group>";
		};
		14CEF4142C5CAED300855D72 /* YetAnotherNotch */ = {
			isa = PBXGroup;
			children = (
				11F748672EC9AC9600F841DB /* XPCHelperClient */,
				116398942DF5D6B40052E6AF /* Providers */,
				14288DE22C6E016F00B9F80C /* observers */,
				14288DD92C6E015000B9F80C /* helpers */,
				B186543A2C6F49A4000B926A /* Shortcuts */,
				1443E7F12C609DB90027C1FC /* sizing */,
				14D570C72C5F38760011E668 /* models */,
				14D570BA2C5E98E30011E668 /* enums */,
				14D570B72C5E98960011E668 /* animations */,
				147163B52C5D804B0068B555 /* managers */,
				1153BD8E2D986B1F00979FB0 /* MediaControllers */,
				B15063502C63D3F600EBB0E3 /* extensions */,
				1471639B2C5D362F0068B555 /* components */,
				14CEF4152C5CAED300855D72 /* YetAnotherNotchApp.swift */,
				14CEF4172C5CAED300855D72 /* ContentView.swift */,
				14CEF4192C5CAED400855D72 /* Assets.xcassets */,
				1443E7F42C609E650027C1FC /* Info.plist */,
				14CEF41E2C5CAED400855D72 /* YetAnotherNotch.entitlements */,
				14CEF41B2C5CAED400855D72 /* Preview Content */,
				112FB72F2CCF12CC0015238C /* private */,
				11CC44A12CEE614100C7244B /* CustomViewCoordinator.swift */,
			);
			path = YetAnotherNotch;
			sourceTree = "<group>";
		};
		14CEF41B2C5CAED400855D72 /* Preview Content */ = {
			isa = PBXGroup;
			children = (
				14CEF41C2C5CAED400855D72 /* Preview Assets.xcassets */,
			);
			path = "Preview Content";
			sourceTree = "<group>";
		};
		14D031EC2C689DB70096E6A1 /* Frameworks */ = {
			isa = PBXGroup;
			children = (
				14D031EF2C689DC00096E6A1 /* ApplicationServices.framework */,
				14D031ED2C689DB70096E6A1 /* IOKit.framework */,
				112B0EBA2E30DD5000562D6C /* MediaRemoteAdapter.framework */,
			);
			name = Frameworks;
			sourceTree = "<group>";
		};
		14D570B72C5E98960011E668 /* animations */ = {
			isa = PBXGroup;
			children = (
				14D570B82C5E98A20011E668 /* drop.swift */,
			);
			path = animations;
			sourceTree = "<group>";
		};
		14D570BA2C5E98E30011E668 /* enums */ = {
			isa = PBXGroup;
			children = (
				14D570BB2C5E98EB0011E668 /* generic.swift */,
			);
			path = enums;
			sourceTree = "<group>";
		};
		14D570C72C5F38760011E668 /* models */ = {
			isa = PBXGroup;
			children = (
				11F748812ECB07A400F841DB /* MusicControlButton.swift */,
				B19016232CC15B4D00E3F12E /* Constants.swift */,
				14D570C82C5F38890011E668 /* CustomViewModel.swift */,
				1153BD902D986DB300979FB0 /* PlaybackState.swift */,
			);
			path = models;
			sourceTree = "<group>";
		};
		42063EEA58CD24557374A4B3 /* AI */ = {
			isa = PBXGroup;
			children = (
				827693741818A7AC89C2B020 /* SSEChatParser.swift */,
				2A2A3084A685A2CE15463AAA /* LlamaModel.swift */,
				BDE3D9BE45D5AC6C97F70783 /* LlamaClient.swift */,
				6520C9F207C898E9B871FB86 /* LlamaServerAddress.swift */,
				6E6C89F175E36CEDE18AA3C5 /* ModelStore.swift */,
				90328C5F2F83CBC560BC8A36 /* ModelSelectorView.swift */,
				E1EA1C7F471991975A920836 /* AIView.swift */,
				480473B49C3175EAE3D49023 /* AISettingsPane.swift */,
				85742F0605CDA4BA9F540862 /* LlamaChatResponder.swift */,
				086F2D7E3274022924F60BC2 /* PromptShortcut.swift */,
				9A421E9625B8511420CE5909 /* PromptShortcutSlots.swift */,
				0E23F7DCA1368578E257AA98 /* PromptShortcutStore.swift */,
				532FCF8D8F58C3553DE574E2 /* PromptShortcutSlotView.swift */,
				FF38F214E2FD0A1B840ADA2D /* PromptShortcutsView.swift */,
			);
			name = AI;
			sourceTree = SOURCE_ROOT;
		};
		4412DF72E2348CE63021C676 /* Utilities */ = {
			isa = PBXGroup;
			children = (
				801A1999F8D4A3D6878783DD /* TimeFormatting.swift */,
				E746C07F7D2BC24184A4040B /* HexColor.swift */,
				46F358BED46DF6077C4DBA6A /* UtilityTimerStore.swift */,
				3C77ED1D4781FCA8FD433DD4 /* ColorPickerStore.swift */,
				0EF10453F399D3DD5F8B316D /* TimerWidgetView.swift */,
				545B1E23A84811687B4CBA46 /* ColorPickerWidgetView.swift */,
				5FD0E7276BAD79CD1B1BB051 /* UtilitiesView.swift */,
				F5AC51ACEC7D93517ECB2602 /* ExternalDisplayStore.swift */,
				B47C7CD96DA0C0570C8C9032 /* BrightnessWidgetView.swift */,
				3D7FD27F992789FB749EAEF9 /* DimmingOverlay.swift */,
			);
			name = Utilities;
			path = Utilities;
			sourceTree = "<group>";
		};
		53282A85435889E92A3EEBD6 /* Transcription */ = {
			isa = PBXGroup;
			children = (
				350134EBB55FB133DA6ABF0B /* TranscriptionStore.swift */,
				2F92C66713C85D4186BFDD7E /* TranscriptionView.swift */,
			);
			name = Transcription;
			sourceTree = SOURCE_ROOT;
		};
		764D9C95BD7CC9F97BC5C325 /* AppLauncher */ = {
			isa = PBXGroup;
			children = (
				D9232855FF5F0A9210AB509D /* AppLauncherSlots.swift */,
				81A4430F08AB2D0C5F1287D7 /* LaunchableApp.swift */,
				EDB20BE17E67C0052C039FA8 /* AppLauncherStore.swift */,
				B04B4EF4A14C401EAFC8B116 /* AppLauncherSlotView.swift */,
				F150B8BF6CD4D9E007A4DEA6 /* AppLauncherView.swift */,
			);
			name = AppLauncher;
			path = AppLauncher;
			sourceTree = "<group>";
		};
		9A0887332C7AFF7E00C160EA /* Tabs */ = {
			isa = PBXGroup;
			children = (
				5FB38589BF91197C741EE9F2 /* NotchTab.swift */,
				A19353B8C4FFEAB7888B1136 /* NotchTabLayout.swift */,
				74715A3AA25691663C4130A6 /* NotchTabButton.swift */,
				9F7E28509D493CFD9B32751F /* NotchTabBar.swift */,
				70AFD92E7573803CCC56842A /* NotchTabContent.swift */,
				AB423BC43332E40F33E8701E /* NotchTabPlaceholder.swift */,
			);
			path = Tabs;
			sourceTree = "<group>";
		};
		9A987A042C73CA66005CA465 /* Shelf */ = {
			isa = PBXGroup;
			children = (
				1113ABB82E80E27000EC13B2 /* Models */,
				1113ABBF2E80E27000EC13B2 /* Services */,
				1113ABC22E80E27000EC13B2 /* ViewModels */,
				1113ABC42E80E27000EC13B2 /* Views */,
			);
			path = Shelf;
			sourceTree = "<group>";
		};
		A6A0F0C2B725DE14EF2A45DA /* Chat */ = {
			isa = PBXGroup;
			children = (
				B3C4EA39249A7E06D13A1D34 /* ChatResponder.swift */,
				DAC01764647C2DF317C4B416 /* ChatStore.swift */,
				9B17B48DA985F24A233E4A86 /* ChatTabView.swift */,
				09865EDD3DCCE1237F0C1EA1 /* ChatMarkdown.swift */,
				788ADD42430A257585484324 /* ChatMarkdownText.swift */,
			);
			name = Chat;
			path = Chat;
			sourceTree = "<group>";
		};
		B141C23B2CA5F50900AC8CC8 /* Onboarding */ = {
			isa = PBXGroup;
			children = (
			);
			path = Onboarding;
			sourceTree = "<group>";
		};
		B15063502C63D3F600EBB0E3 /* extensions */ = {
			isa = PBXGroup;
			children = (
				111BEA602ED09B1B0079DD4E /* NSScreen+UUID.swift */,
				1194E93F2EACC652009C82D6 /* Color+AccentColor.swift */,
				14C08BC02C8E03AD000F8AA0 /* NSImage+Extensions.swift */,
				B17266DE2C64DFA00031BA0D /* BundleInfos.swift */,
				B10348D82C74E56000475897 /* ConditionalModifier.swift */,
				14FC6E4F2C7DED5600C7BEA5 /* DataTypes+Extensions.swift */,
			);
			path = extensions;
			sourceTree = "<group>";
		};
		B186542E2C6F453B000B926A /* Music */ = {
			isa = PBXGroup;
			children = (
				147163972C5D35B70068B555 /* MusicVisualizer.swift */,
			);
			path = Music;
			sourceTree = "<group>";
		};
		B186542F2C6F455E000B926A /* Notch */ = {
			isa = PBXGroup;
			children = (
				1194E8862EA6DDA7009C82D6 /* YetAnotherNotchSkyLightWindow.swift */,
				1160F8D72DD98230006FBB94 /* NotchShape.swift */,
				9AB0C6BB2C73C9CB00F7CD30 /* NotchHomeView.swift */,
				14D570C52C5F38210011E668 /* CustomHeader.swift */,
				14D570D12C5F6C6A0011E668 /* CustomExtrasMenu.swift */,
				1471A8582C6281BD0058408D /* YetAnotherNotchWindow.swift */,
				5453DA044C96A09F2F3A6D6D /* ClosedNotchActivity.swift */,
				0ADD7CE40D8053CB96C57954 /* ClosedNotchLayout.swift */,
			);
			path = Notch;
			sourceTree = "<group>";
		};
		B18654302C6F4590000B926A /* Settings */ = {
			isa = PBXGroup;
			children = (
				11F748832ECB27DC00F841DB /* MusicSlotConfigurationView.swift */,
				11C5E3152DFE88510065821E /* SettingsView.swift */,
				11C5E3112DFE85970065821E /* SettingsWindowController.swift */,
				B1C448972C972CC4001F0858 /* ListItemPopover.swift */,
			);
			path = Settings;
			sourceTree = "<group>";
		};
		B18654312C6F45AE000B926A /* Live activities */ = {
			isa = PBXGroup;
			children = (
				B1C974332C642B6D0000E707 /* MarqueeTextView.swift */,
			);
			path = "Live activities";
			sourceTree = "<group>";
		};
		B186543A2C6F49A4000B926A /* Shortcuts */ = {
			isa = PBXGroup;
			children = (
			);
			path = Shortcuts;
			sourceTree = "<group>";
		};
		B1C448992C97375A001F0858 /* Tips */ = {
			isa = PBXGroup;
			children = (
			);
			path = Tips;
			sourceTree = "<group>";
		};
/* End PBXGroup section */

/* Begin PBXNativeTarget section */
		14CEF4112C5CAED300855D72 /* YetAnotherNotch */ = {
			isa = PBXNativeTarget;
			buildConfigurationList = 14CEF4212C5CAED400855D72 /* Build configuration list for PBXNativeTarget "YetAnotherNotch" */;
			buildPhases = (
				14CEF40E2C5CAED300855D72 /* Sources */,
				14CEF40F2C5CAED300855D72 /* Frameworks */,
				14CEF4102C5CAED300855D72 /* Resources */,
				B1ECFA062C6FE58A002ACD87 /* Embed Frameworks */,
			);
			buildRules = (
			);
			dependencies = (
			);
			fileSystemSynchronizedGroups = (
				112FB72F2CCF12CC0015238C /* private */,
			);
			name = YetAnotherNotch;
			packageProductDependencies = (
				14D032192C68F32E0096E6A1 /* LaunchAtLogin */,
				B19016212CC15B3D00E3F12E /* Defaults */,
				B1628B912CC260C0003D8DF3 /* SwiftUIIntrospect */,
				1194E8842EA57D23009C82D6 /* SkyLightWindow */,
				111BEA502ECFBF7F0079DD4E /* MacroVisionKit */,
				111BEA5E2ED07A340079DD4E /* MacroVisionKit */,
				111BEA6E2ED166E20079DD4E /* MacroVisionKit */,
			);
			productName = YetAnotherNotch;
			productReference = 14CEF4122C5CAED300855D72 /* YetAnotherNotch.app */;
			productType = "com.apple.product-type.application";
		};
/* End PBXNativeTarget section */

/* Begin PBXProject section */
		14CEF40A2C5CAED200855D72 /* Project object */ = {
			isa = PBXProject;
			attributes = {
				BuildIndependentTargetsInParallel = 1;
				LastSwiftUpdateCheck = 1640;
				LastUpgradeCheck = 1640;
				TargetAttributes = {
					11F7484E2EC9AABA00F841DB = {
						CreatedOnToolsVersion = 16.4;
					};
					14CEF4112C5CAED300855D72 = {
						CreatedOnToolsVersion = 15.4;
						LastSwiftMigration = 1540;
					};
				};
			};
			buildConfigurationList = 14CEF40D2C5CAED200855D72 /* Build configuration list for PBXProject "YetAnotherNotch" */;
			compatibilityVersion = "Xcode 14.0";
			developmentRegion = en;
			hasScannedForEncodings = 0;
			knownRegions = (
				en,
				Base,
			);
			mainGroup = 14CEF4092C5CAED200855D72;
			packageReferences = (
				14D032182C68F32E0096E6A1 /* XCRemoteSwiftPackageReference "LaunchAtLogin-Modern" */,
				B19016202CC15B3D00E3F12E /* XCRemoteSwiftPackageReference "Defaults" */,
				B1628B902CC260C0003D8DF3 /* XCRemoteSwiftPackageReference "swiftui-introspect" */,
				1194E8832EA57D23009C82D6 /* XCRemoteSwiftPackageReference "SkyLightWindow" */,
				111BEA6D2ED166E20079DD4E /* XCRemoteSwiftPackageReference "MacroVisionKit" */,
			);
			productRefGroup = 14CEF4132C5CAED300855D72 /* Products */;
			projectDirPath = "";
			projectRoot = "";
			targets = (
				14CEF4112C5CAED300855D72 /* YetAnotherNotch */,
			);
		};
/* End PBXProject section */

/* Begin PBXResourcesBuildPhase section */
		14CEF4102C5CAED300855D72 /* Resources */ = {
			isa = PBXResourcesBuildPhase;
			buildActionMask = 2147483647;
			files = (
				14CEF41D2C5CAED400855D72 /* Preview Assets.xcassets in Resources */,
				14CEF41A2C5CAED400855D72 /* Assets.xcassets in Resources */,
				112B0EB82E30DD0F00562D6C /* MediaRemoteAdapterTestClient in Resources */,
				112B0EB92E30DD0F00562D6C /* mediaremote-adapter.pl in Resources */,
			);
			runOnlyForDeploymentPostprocessing = 0;
		};
/* End PBXResourcesBuildPhase section */

/* Begin PBXSourcesBuildPhase section */
		14CEF40E2C5CAED300855D72 /* Sources */ = {
			isa = PBXSourcesBuildPhase;
			buildActionMask = 2147483647;
			files = (
				5955950D2E900ED800C66711 /* ApplicationRelauncher.swift in Sources */,
				147163982C5D35B70068B555 /* MusicVisualizer.swift in Sources */,
				11CC44A22CEE614100C7244B /* CustomViewCoordinator.swift in Sources */,
				11A45C792E34E63100CEB175 /* MediaChecker.swift in Sources */,
				1194E8872EA6DDA7009C82D6 /* YetAnotherNotchSkyLightWindow.swift in Sources */,
				1153BD9C2D98853B00979FB0 /* NowPlayingController.swift in Sources */,
				1194E9402EACC652009C82D6 /* Color+AccentColor.swift in Sources */,
				14D570B92C5E98A20011E668 /* drop.swift in Sources */,
				1153BDA72D99B22200979FB0 /* YouTubeMusicController.swift in Sources */,
				1153BD9A2D98824300979FB0 /* SpotifyController.swift in Sources */,
				B1C974342C642B6D0000E707 /* MarqueeTextView.swift in Sources */,
				1160F8D82DD98230006FBB94 /* NotchShape.swift in Sources */,
				14C08BC12C8E03AD000F8AA0 /* NSImage+Extensions.swift in Sources */,
				1471639A2C5D35FF0068B555 /* MusicManager.swift in Sources */,
				1132E5162E777C140068732D /* YouTubeMusicAuthentication.swift in Sources */,
				111BEA612ED09B1B0079DD4E /* NSScreen+UUID.swift in Sources */,
				1153BD8F2D986B1F00979FB0 /* MediaControllerProtocol.swift in Sources */,
				9AB0C6BD2C73C9CB00F7CD30 /* NotchHomeView.swift in Sources */,
				1153BD912D986DB300979FB0 /* PlaybackState.swift in Sources */,
				B1A78C822C8BA08100BD51B0 /* FullscreenMediaDetection.swift in Sources */,
				14D570C92C5F38890011E668 /* CustomViewModel.swift in Sources */,
				14D570BC2C5E98EB0011E668 /* generic.swift in Sources */,
				14D570C62C5F38210011E668 /* CustomHeader.swift in Sources */,
				1443E7F32C609DCE0027C1FC /* matters.swift in Sources */,
				11C5E3162DFE88510065821E /* SettingsView.swift in Sources */,
				1153BD932D986E4300979FB0 /* AppleMusicController.swift in Sources */,
				11C5E3132DFE85970065821E /* SettingsWindowController.swift in Sources */,
				507266DB2C908E2E00A2D00D /* HoverButton.swift in Sources */,
				1471A8592C6281BD0058408D /* YetAnotherNotchWindow.swift in Sources */,
				14CEF4182C5CAED300855D72 /* ContentView.swift in Sources */,
				1132E5142E777B920068732D /* YouTubeMusicNetworking.swift in Sources */,
				1132E5122E777B6E0068732D /* YouTubeMusicModels.swift in Sources */,
				14CEF4162C5CAED300855D72 /* YetAnotherNotchApp.swift in Sources */,
				B17266DF2C64DFA00031BA0D /* BundleInfos.swift in Sources */,
				B10348D92C74E56000475897 /* ConditionalModifier.swift in Sources */,
				11F748842ECB27DC00F841DB /* MusicSlotConfigurationView.swift in Sources */,
				112FB7352CCF16F70015238C /* NotchSpaceManager.swift in Sources */,
				14FC6E502C7DED5600C7BEA5 /* DataTypes+Extensions.swift in Sources */,
				1153BD982D9881F900979FB0 /* AppleScriptHelper.swift in Sources */,
				14D570D22C5F6C6A0011E668 /* CustomExtrasMenu.swift in Sources */,
				11D58EA22E760AE100FA8377 /* ImageService.swift in Sources */,
				11F748822ECB07A400F841DB /* MusicControlButton.swift in Sources */,
				14288E0C2C6F8EC000B9F80C /* AppIcons.swift in Sources */,
				B1C448982C972CC4001F0858 /* ListItemPopover.swift in Sources */,
				B19016242CC15B5000E3F12E /* Constants.swift in Sources */,
				66556CC7271E4B1B975ABBF1 /* NotchTab.swift in Sources */,
				A0385A6A9C83A70F511021FA /* NotchTabLayout.swift in Sources */,
				097361E7D7148A2F9690184A /* NotchTabButton.swift in Sources */,
				15763C5DA0F37A5F74C00759 /* NotchTabBar.swift in Sources */,
				D7F448C9080A3D71035114A0 /* NotchTabContent.swift in Sources */,
				5FC96F65564F7E813F29771F /* NotchTabPlaceholder.swift in Sources */,
				AEBA577D4AAF3C6D08A78C7E /* AppLauncherSlots.swift in Sources */,
				690F0D5BA3B2DF3D422357A2 /* LaunchableApp.swift in Sources */,
				7433D9916B87852F7588C5FA /* AppLauncherStore.swift in Sources */,
				AE21573D77F65DBB0123835A /* AppLauncherSlotView.swift in Sources */,
				0C8B563AD48CE557CC9B2FC3 /* AppLauncherView.swift in Sources */,
				86BEF751DCA2549E6854C892 /* TimeFormatting.swift in Sources */,
				1AAA29050FD120EA3A89EB15 /* HexColor.swift in Sources */,
				76A89C86973B2585C6C892DE /* UtilityTimerStore.swift in Sources */,
				2727AC4A86D0455E75200CEC /* ColorPickerStore.swift in Sources */,
				E120117E00C1A77B3E6A25BC /* TimerWidgetView.swift in Sources */,
				F70BED45238E81BEBCC8B3E4 /* ColorPickerWidgetView.swift in Sources */,
				F504B975FA538B5EECD53E33 /* UtilitiesView.swift in Sources */,
				15C2C20A850D1B9A24128F95 /* ClosedNotchActivity.swift in Sources */,
				BDA91DBAFE65CB3A0FCCFFB0 /* ClosedNotchLayout.swift in Sources */,
				F6068790E7FC2A1B94C5C88F /* ChatResponder.swift in Sources */,
				F555D77902C9C3C896A03770 /* ChatStore.swift in Sources */,
				34F4D589BB812CAAD3FA1B4B /* ChatTabView.swift in Sources */,
				43DE6322AEA1BB701328A7F7 /* SSEChatParser.swift in Sources */,
				E1930DF34E8C173C659C9599 /* LlamaModel.swift in Sources */,
				1C850F61CBEB61DC4521E20D /* LlamaClient.swift in Sources */,
				160C8ACDF125960A78E9F20C /* LlamaServerAddress.swift in Sources */,
				DB9A177ADBFD33F38E9AF824 /* ModelStore.swift in Sources */,
				BD402C00AB85DD895718B857 /* ModelSelectorView.swift in Sources */,
				15B0D30D5666FE4C67FE261C /* AIView.swift in Sources */,
				FD6E56153AD8132AC034FF70 /* AISettingsPane.swift in Sources */,
				7CC6BD1B484E5DA8CD34FF46 /* LlamaChatResponder.swift in Sources */,
				74DBFAFA41D9767B38B427DC /* PromptShortcut.swift in Sources */,
				95ABAC76D19C45743CA35CA8 /* PromptShortcutSlots.swift in Sources */,
				7E929E96E6ACC2AE1C631998 /* PromptShortcutStore.swift in Sources */,
				48027D9E09B6B4F78C370A3D /* PromptShortcutSlotView.swift in Sources */,
				2E3EEC3514AAB9ECC8AFD881 /* PromptShortcutsView.swift in Sources */,
				C6B245688BEA76E8D0B41FEB /* ChatMarkdown.swift in Sources */,
				52554AE82CD50B415DAC689C /* ChatMarkdownText.swift in Sources */,
				1AA8CBF5D4E46551F4783093 /* TranscriptionStore.swift in Sources */,
				EF47C0E1116A90079FFAE332 /* TranscriptionView.swift in Sources */,
				625C9B4FCFB8EA5A20CA4364 /* ExternalDisplayStore.swift in Sources */,
				5E80090CFA2FFBD00476099E /* BrightnessWidgetView.swift in Sources */,
				5F53924FCD7630BD563F92F6 /* DimmingOverlay.swift in Sources */,
			);
			runOnlyForDeploymentPostprocessing = 0;
		};
/* End PBXSourcesBuildPhase section */

/* Begin XCBuildConfiguration section */
		14CEF41F2C5CAED400855D72 /* Debug */ = {
			isa = XCBuildConfiguration;
			buildSettings = {
				ALWAYS_SEARCH_USER_PATHS = NO;
				ASSETCATALOG_COMPILER_GENERATE_SWIFT_ASSET_SYMBOL_EXTENSIONS = YES;
				CLANG_ANALYZER_NONNULL = YES;
				CLANG_ANALYZER_NUMBER_OBJECT_CONVERSION = YES_AGGRESSIVE;
				CLANG_CXX_LANGUAGE_STANDARD = "gnu++20";
				CLANG_ENABLE_MODULES = YES;
				CLANG_ENABLE_OBJC_ARC = YES;
				CLANG_ENABLE_OBJC_WEAK = YES;
				CLANG_WARN_BLOCK_CAPTURE_AUTORELEASING = YES;
				CLANG_WARN_BOOL_CONVERSION = YES;
				CLANG_WARN_COMMA = YES;
				CLANG_WARN_CONSTANT_CONVERSION = YES;
				CLANG_WARN_DEPRECATED_OBJC_IMPLEMENTATIONS = YES;
				CLANG_WARN_DIRECT_OBJC_ISA_USAGE = YES_ERROR;
				CLANG_WARN_DOCUMENTATION_COMMENTS = YES;
				CLANG_WARN_EMPTY_BODY = YES;
				CLANG_WARN_ENUM_CONVERSION = YES;
				CLANG_WARN_INFINITE_RECURSION = YES;
				CLANG_WARN_INT_CONVERSION = YES;
				CLANG_WARN_NON_LITERAL_NULL_CONVERSION = YES;
				CLANG_WARN_OBJC_IMPLICIT_RETAIN_SELF = YES;
				CLANG_WARN_OBJC_LITERAL_CONVERSION = YES;
				CLANG_WARN_OBJC_ROOT_CLASS = YES_ERROR;
				CLANG_WARN_QUOTED_INCLUDE_IN_FRAMEWORK_HEADER = YES;
				CLANG_WARN_RANGE_LOOP_ANALYSIS = YES;
				CLANG_WARN_STRICT_PROTOTYPES = YES;
				CLANG_WARN_SUSPICIOUS_MOVE = YES;
				CLANG_WARN_UNGUARDED_AVAILABILITY = YES_AGGRESSIVE;
				CLANG_WARN_UNREACHABLE_CODE = YES;
				CLANG_WARN__DUPLICATE_METHOD_MATCH = YES;
				COPY_PHASE_STRIP = NO;
				DEAD_CODE_STRIPPING = YES;
				DEBUG_INFORMATION_FORMAT = dwarf;
				ENABLE_STRICT_OBJC_MSGSEND = YES;
				ENABLE_TESTABILITY = YES;
				ENABLE_USER_SCRIPT_SANDBOXING = YES;
				GCC_C_LANGUAGE_STANDARD = gnu17;
				GCC_DYNAMIC_NO_PIC = NO;
				GCC_NO_COMMON_BLOCKS = YES;
				GCC_OPTIMIZATION_LEVEL = 0;
				GCC_PREPROCESSOR_DEFINITIONS = (
					"DEBUG=1",
					"$(inherited)",
				);
				GCC_WARN_64_TO_32_BIT_CONVERSION = YES;
				GCC_WARN_ABOUT_RETURN_TYPE = YES_ERROR;
				GCC_WARN_UNDECLARED_SELECTOR = YES;
				GCC_WARN_UNINITIALIZED_AUTOS = YES_AGGRESSIVE;
				GCC_WARN_UNUSED_FUNCTION = YES;
				GCC_WARN_UNUSED_VARIABLE = YES;
				LOCALIZATION_PREFERS_STRING_CATALOGS = YES;
				MACOSX_DEPLOYMENT_TARGET = 14.0;
				MTL_ENABLE_DEBUG_INFO = INCLUDE_SOURCE;
				MTL_FAST_MATH = YES;
				ONLY_ACTIVE_ARCH = YES;
				SDKROOT = macosx;
				SWIFT_ACTIVE_COMPILATION_CONDITIONS = "DEBUG $(inherited)";
				SWIFT_OPTIMIZATION_LEVEL = "-Onone";
				SWIFT_STRICT_CONCURRENCY = targeted;
				SWIFT_VERSION = 5.0;
			};
			name = Debug;
		};
		14CEF4202C5CAED400855D72 /* Release */ = {
			isa = XCBuildConfiguration;
			buildSettings = {
				ALWAYS_SEARCH_USER_PATHS = NO;
				ASSETCATALOG_COMPILER_GENERATE_SWIFT_ASSET_SYMBOL_EXTENSIONS = YES;
				CLANG_ANALYZER_NONNULL = YES;
				CLANG_ANALYZER_NUMBER_OBJECT_CONVERSION = YES_AGGRESSIVE;
				CLANG_CXX_LANGUAGE_STANDARD = "gnu++20";
				CLANG_ENABLE_MODULES = YES;
				CLANG_ENABLE_OBJC_ARC = YES;
				CLANG_ENABLE_OBJC_WEAK = YES;
				CLANG_WARN_BLOCK_CAPTURE_AUTORELEASING = YES;
				CLANG_WARN_BOOL_CONVERSION = YES;
				CLANG_WARN_COMMA = YES;
				CLANG_WARN_CONSTANT_CONVERSION = YES;
				CLANG_WARN_DEPRECATED_OBJC_IMPLEMENTATIONS = YES;
				CLANG_WARN_DIRECT_OBJC_ISA_USAGE = YES_ERROR;
				CLANG_WARN_DOCUMENTATION_COMMENTS = YES;
				CLANG_WARN_EMPTY_BODY = YES;
				CLANG_WARN_ENUM_CONVERSION = YES;
				CLANG_WARN_INFINITE_RECURSION = YES;
				CLANG_WARN_INT_CONVERSION = YES;
				CLANG_WARN_NON_LITERAL_NULL_CONVERSION = YES;
				CLANG_WARN_OBJC_IMPLICIT_RETAIN_SELF = YES;
				CLANG_WARN_OBJC_LITERAL_CONVERSION = YES;
				CLANG_WARN_OBJC_ROOT_CLASS = YES_ERROR;
				CLANG_WARN_QUOTED_INCLUDE_IN_FRAMEWORK_HEADER = YES;
				CLANG_WARN_RANGE_LOOP_ANALYSIS = YES;
				CLANG_WARN_STRICT_PROTOTYPES = YES;
				CLANG_WARN_SUSPICIOUS_MOVE = YES;
				CLANG_WARN_UNGUARDED_AVAILABILITY = YES_AGGRESSIVE;
				CLANG_WARN_UNREACHABLE_CODE = YES;
				CLANG_WARN__DUPLICATE_METHOD_MATCH = YES;
				COPY_PHASE_STRIP = NO;
				DEAD_CODE_STRIPPING = YES;
				DEBUG_INFORMATION_FORMAT = "dwarf-with-dsym";
				ENABLE_NS_ASSERTIONS = NO;
				ENABLE_STRICT_OBJC_MSGSEND = YES;
				ENABLE_USER_SCRIPT_SANDBOXING = YES;
				GCC_C_LANGUAGE_STANDARD = gnu17;
				GCC_NO_COMMON_BLOCKS = YES;
				GCC_WARN_64_TO_32_BIT_CONVERSION = YES;
				GCC_WARN_ABOUT_RETURN_TYPE = YES_ERROR;
				GCC_WARN_UNDECLARED_SELECTOR = YES;
				GCC_WARN_UNINITIALIZED_AUTOS = YES_AGGRESSIVE;
				GCC_WARN_UNUSED_FUNCTION = YES;
				GCC_WARN_UNUSED_VARIABLE = YES;
				LOCALIZATION_PREFERS_STRING_CATALOGS = YES;
				MACOSX_DEPLOYMENT_TARGET = 14.0;
				MTL_ENABLE_DEBUG_INFO = NO;
				MTL_FAST_MATH = YES;
				SDKROOT = macosx;
				SWIFT_COMPILATION_MODE = wholemodule;
				SWIFT_STRICT_CONCURRENCY = targeted;
				SWIFT_VERSION = 5.0;
			};
			name = Release;
		};
		14CEF4222C5CAED400855D72 /* Debug */ = {
			isa = XCBuildConfiguration;
			buildSettings = {
				ASSETCATALOG_COMPILER_APPICON_NAME = AppIcon;
				ASSETCATALOG_COMPILER_GLOBAL_ACCENT_COLOR_NAME = AccentColor;
				ASSETCATALOG_COMPILER_INCLUDE_ALL_APPICON_ASSETS = YES;
				CLANG_ENABLE_MODULES = YES;
				CODE_SIGN_ALLOW_ENTITLEMENTS_MODIFICATION = YES;
				CODE_SIGN_ENTITLEMENTS = YetAnotherNotch/YetAnotherNotch.entitlements;
				CODE_SIGN_IDENTITY = "Apple Development";
				"CODE_SIGN_IDENTITY[sdk=macosx*]" = "-";
				CODE_SIGN_STYLE = Automatic;
				COMBINE_HIDPI_IMAGES = YES;
				CURRENT_PROJECT_VERSION = 271;
				DEAD_CODE_STRIPPING = YES;
				DEVELOPMENT_ASSET_PATHS = "\"YetAnotherNotch/Preview Content\"";
				DEVELOPMENT_TEAM = "";
				ENABLE_HARDENED_RUNTIME = YES;
				ENABLE_PREVIEWS = YES;
				ENABLE_USER_SCRIPT_SANDBOXING = YES;
				FRAMEWORK_SEARCH_PATHS = (
					"$(inherited)",
					"$(PROJECT_DIR)/mediaremote-adapter",
				);
				GENERATE_INFOPLIST_FILE = YES;
				INFOPLIST_FILE = YetAnotherNotch/Info.plist;
				INFOPLIST_KEY_CFBundleDisplayName = YetAnotherNotch;
				INFOPLIST_KEY_LSApplicationCategoryType = "public.app-category.utilities";
				INFOPLIST_KEY_LSBackgroundOnly = NO;
				INFOPLIST_KEY_LSUIElement = YES;
				INFOPLIST_KEY_NSAppleEventsUsageDescription = "This app uses AppleEvents to control music";
				INFOPLIST_KEY_NSCalendarsUsageDescription = "This app uses the calendar to display your calendar events";
				INFOPLIST_KEY_NSCameraUsageDescription = "This app uses the camera to display a live camera view";
				INFOPLIST_KEY_NSHumanReadableCopyright = "";
				INFOPLIST_KEY_NSRemindersUsageDescription = "This app uses Reminders to display your scheduled reminder in the calendar";
				LD_RUNPATH_SEARCH_PATHS = (
					"$(inherited)",
					"@executable_path/../Frameworks",
				);
				MACOSX_DEPLOYMENT_TARGET = 14.0;
				MARKETING_VERSION = 2.7.3;
				PRODUCT_BUNDLE_IDENTIFIER = com.thomasfrancois.yetanothernotch;
				PRODUCT_NAME = "$(TARGET_NAME)";
				PROVISIONING_PROFILE_SPECIFIER = "";
				SWIFT_EMIT_LOC_STRINGS = YES;
				SWIFT_STRICT_CONCURRENCY = targeted;
				SWIFT_VERSION = 5.0;
				SYSTEM_FRAMEWORK_SEARCH_PATHS = (
					"$(inherited)",
					"$(SDKROOT)/System/Library/PrivateFrameworks",
				);
			};
			name = Debug;
		};
		14CEF4232C5CAED400855D72 /* Release */ = {
			isa = XCBuildConfiguration;
			buildSettings = {
				ASSETCATALOG_COMPILER_APPICON_NAME = AppIcon;
				ASSETCATALOG_COMPILER_GLOBAL_ACCENT_COLOR_NAME = AccentColor;
				ASSETCATALOG_COMPILER_INCLUDE_ALL_APPICON_ASSETS = YES;
				CLANG_ENABLE_MODULES = YES;
				CODE_SIGN_ALLOW_ENTITLEMENTS_MODIFICATION = YES;
				CODE_SIGN_ENTITLEMENTS = YetAnotherNotch/YetAnotherNotch.entitlements;
				CODE_SIGN_IDENTITY = "Apple Development";
				"CODE_SIGN_IDENTITY[sdk=macosx*]" = "-";
				CODE_SIGN_STYLE = Automatic;
				COMBINE_HIDPI_IMAGES = YES;
				CURRENT_PROJECT_VERSION = 271;
				DEAD_CODE_STRIPPING = YES;
				DEVELOPMENT_ASSET_PATHS = "\"YetAnotherNotch/Preview Content\"";
				DEVELOPMENT_TEAM = "";
				ENABLE_HARDENED_RUNTIME = YES;
				ENABLE_PREVIEWS = YES;
				FRAMEWORK_SEARCH_PATHS = (
					"$(inherited)",
					"$(PROJECT_DIR)/mediaremote-adapter",
				);
				GENERATE_INFOPLIST_FILE = YES;
				INFOPLIST_FILE = YetAnotherNotch/Info.plist;
				INFOPLIST_KEY_CFBundleDisplayName = YetAnotherNotch;
				INFOPLIST_KEY_LSApplicationCategoryType = "public.app-category.utilities";
				INFOPLIST_KEY_LSBackgroundOnly = NO;
				INFOPLIST_KEY_LSUIElement = YES;
				INFOPLIST_KEY_NSAppleEventsUsageDescription = "This app uses AppleEvents to control music";
				INFOPLIST_KEY_NSCalendarsUsageDescription = "This app uses the calendar to display your calendar events";
				INFOPLIST_KEY_NSCameraUsageDescription = "This app uses the camera to display a live camera view";
				INFOPLIST_KEY_NSHumanReadableCopyright = "";
				INFOPLIST_KEY_NSRemindersUsageDescription = "This app uses Reminders to display your scheduled reminder in the calendar";
				LD_RUNPATH_SEARCH_PATHS = (
					"$(inherited)",
					"@executable_path/../Frameworks",
				);
				MACOSX_DEPLOYMENT_TARGET = 14.0;
				MARKETING_VERSION = 2.7.3;
				PRODUCT_BUNDLE_IDENTIFIER = com.thomasfrancois.yetanothernotch;
				PRODUCT_NAME = "$(TARGET_NAME)";
				PROVISIONING_PROFILE_SPECIFIER = "";
				SWIFT_EMIT_LOC_STRINGS = YES;
				SWIFT_STRICT_CONCURRENCY = targeted;
				SWIFT_VERSION = 5.0;
				SYSTEM_FRAMEWORK_SEARCH_PATHS = (
					"$(inherited)",
					"$(SDKROOT)/System/Library/PrivateFrameworks",
				);
			};
			name = Release;
		};
/* End XCBuildConfiguration section */

/* Begin XCConfigurationList section */
		14CEF40D2C5CAED200855D72 /* Build configuration list for PBXProject "YetAnotherNotch" */ = {
			isa = XCConfigurationList;
			buildConfigurations = (
				14CEF41F2C5CAED400855D72 /* Debug */,
				14CEF4202C5CAED400855D72 /* Release */,
			);
			defaultConfigurationIsVisible = 0;
			defaultConfigurationName = Release;
		};
		14CEF4212C5CAED400855D72 /* Build configuration list for PBXNativeTarget "YetAnotherNotch" */ = {
			isa = XCConfigurationList;
			buildConfigurations = (
				14CEF4222C5CAED400855D72 /* Debug */,
				14CEF4232C5CAED400855D72 /* Release */,
			);
			defaultConfigurationIsVisible = 0;
			defaultConfigurationName = Release;
		};
/* End XCConfigurationList section */

/* Begin XCRemoteSwiftPackageReference section */
		111BEA6D2ED166E20079DD4E /* XCRemoteSwiftPackageReference "MacroVisionKit" */ = {
			isa = XCRemoteSwiftPackageReference;
			repositoryURL = "https://github.com/TheBoredTeam/MacroVisionKit";
			requirement = {
				kind = upToNextMajorVersion;
				minimumVersion = 0.2.0;
			};
		};
		1194E8832EA57D23009C82D6 /* XCRemoteSwiftPackageReference "SkyLightWindow" */ = {
			isa = XCRemoteSwiftPackageReference;
			repositoryURL = "https://github.com/Lakr233/SkyLightWindow";
			requirement = {
				kind = upToNextMajorVersion;
				minimumVersion = 1.0.0;
			};
		};
		14D032182C68F32E0096E6A1 /* XCRemoteSwiftPackageReference "LaunchAtLogin-Modern" */ = {
			isa = XCRemoteSwiftPackageReference;
			repositoryURL = "https://github.com/sindresorhus/LaunchAtLogin-Modern";
			requirement = {
				kind = upToNextMajorVersion;
				minimumVersion = 1.1.0;
			};
		};
		B1628B902CC260C0003D8DF3 /* XCRemoteSwiftPackageReference "swiftui-introspect" */ = {
			isa = XCRemoteSwiftPackageReference;
			repositoryURL = "https://github.com/siteline/swiftui-introspect";
			requirement = {
				kind = upToNextMajorVersion;
				minimumVersion = 1.3.0;
			};
		};
		B19016202CC15B3D00E3F12E /* XCRemoteSwiftPackageReference "Defaults" */ = {
			isa = XCRemoteSwiftPackageReference;
			repositoryURL = "https://github.com/sindresorhus/Defaults";
			requirement = {
				kind = upToNextMajorVersion;
				minimumVersion = 9.0.2;
			};
		};
/* End XCRemoteSwiftPackageReference section */

/* Begin XCSwiftPackageProductDependency section */
		111BEA502ECFBF7F0079DD4E /* MacroVisionKit */ = {
			isa = XCSwiftPackageProductDependency;
			productName = MacroVisionKit;
		};
		111BEA5E2ED07A340079DD4E /* MacroVisionKit */ = {
			isa = XCSwiftPackageProductDependency;
			productName = MacroVisionKit;
		};
		111BEA6E2ED166E20079DD4E /* MacroVisionKit */ = {
			isa = XCSwiftPackageProductDependency;
			package = 111BEA6D2ED166E20079DD4E /* XCRemoteSwiftPackageReference "MacroVisionKit" */;
			productName = MacroVisionKit;
		};
		1194E8842EA57D23009C82D6 /* SkyLightWindow */ = {
			isa = XCSwiftPackageProductDependency;
			package = 1194E8832EA57D23009C82D6 /* XCRemoteSwiftPackageReference "SkyLightWindow" */;
			productName = SkyLightWindow;
		};
		14D032192C68F32E0096E6A1 /* LaunchAtLogin */ = {
			isa = XCSwiftPackageProductDependency;
			package = 14D032182C68F32E0096E6A1 /* XCRemoteSwiftPackageReference "LaunchAtLogin-Modern" */;
			productName = LaunchAtLogin;
		};
		B1628B912CC260C0003D8DF3 /* SwiftUIIntrospect */ = {
			isa = XCSwiftPackageProductDependency;
			package = B1628B902CC260C0003D8DF3 /* XCRemoteSwiftPackageReference "swiftui-introspect" */;
			productName = SwiftUIIntrospect;
		};
		B19016212CC15B3D00E3F12E /* Defaults */ = {
			isa = XCSwiftPackageProductDependency;
			package = B19016202CC15B3D00E3F12E /* XCRemoteSwiftPackageReference "Defaults" */;
			productName = Defaults;
		};
/* End XCSwiftPackageProductDependency section */
	};
	rootObject = 14CEF40A2C5CAED200855D72 /* Project object */;
}
